
Microsoft Visual Studio Solution File, Format Version 12.00
# Visual Studio 15
VisualStudioVersion = 15.0.27428.2043
MinimumVisualStudioVersion = 10.0.40219.1
Project("{FAE04EC0-301F-11D3-BF4B-00C04F79EFBC}") = "FoxterServer WPF", "FoxterServer WPF\FoxterServer WPF.csproj", "{34CDED40-2F68-41DE-8C2A-AEF614CDDE89}"
EndProject
Global
	GlobalSection(SolutionConfigurationPlatforms) = preSolution
		Debug|Any CPU = Debug|Any CPU
		Release|Any CPU = Release|Any CPU
	EndGlobalSection
	GlobalSection(ProjectConfigurationPlatforms) = postSolution
		{34CDED40-2F68-41DE-8C2A-AEF614CDDE89}.Debug|Any CPU.ActiveCfg = Debug|Any CPU
		{34CDED40-2F68-41DE-8C2A-AEF614CDDE89}.Debug|Any CPU.Build.0 = Debug|Any CPU
		{34CDED40-2F68-41DE-8C2A-AEF614CDDE89}.Release|Any CPU.ActiveCfg = Release|Any CPU
		{34CDED40-2F68-41DE-8C2A-AEF614CDDE89}.Release|Any CPU.Build.0 = Release|Any CPU
	EndGlobalSection
	GlobalSection(SolutionProperties) = preSolution
		HideSolutionNode = FALSE
	EndGlobalSection
	GlobalSection(ExtensibilityGlobals) = postSolution
		SolutionGuid = {D2F1B275-89D6-4FF0-BB9E-6123C6FEFA92}
	EndGlobalSection
EndGlobal
